
Microsoft Visual Studio Solution File, Format Version 12.00
# Visual Studio 15
VisualStudioVersion = 15.0.26228.4
MinimumVisualStudioVersion = 10.0.40219.1
Project("{9A19103F-16F7-4668-BE54-9A1E7A4F7556}") = "JCTools.I18N.Database", "JCTools.I18N.Database\JCTools.I18N.Database.csproj", "{18BAC1DA-5DBC-4661-BF0A-B2A003940984}"
EndProject
Project("{2150E333-8FDC-42A3-9474-1A3956D46DE8}") = "Others", "Others", "{02936132-D432-412A-9DA0-1C4776125051}"
	ProjectSection(SolutionItems) = preProject
		LICENSE = LICENSE
	EndProjectSection
EndProject
Global
	GlobalSection(SolutionConfigurationPlatforms) = preSolution
		Debug|Any CPU = Debug|Any CPU
		Release|Any CPU = Release|Any CPU
	EndGlobalSection
	GlobalSection(ProjectConfigurationPlatforms) = postSolution
		{18BAC1DA-5DBC-4661-BF0A-B2A003940984}.Debug|Any CPU.ActiveCfg = Debug|Any CPU
		{18BAC1DA-5DBC-4661-BF0A-B2A003940984}.Debug|Any CPU.Build.0 = Debug|Any CPU
		{18BAC1DA-5DBC-4661-BF0A-B2A003940984}.Release|Any CPU.ActiveCfg = Release|Any CPU
		{18BAC1DA-5DBC-4661-BF0A-B2A003940984}.Release|Any CPU.Build.0 = Release|Any CPU
	EndGlobalSection
	GlobalSection(SolutionProperties) = preSolution
		HideSolutionNode = FALSE
	EndGlobalSection
EndGlobal
